
Microsoft Visual Studio Solution File, Format Version 12.00
# Visual Studio Version 16
VisualStudioVersion = 16.0.31129.286
MinimumVisualStudioVersion = 10.0.40219.1
Project("{FAE04EC0-301F-11D3-BF4B-00C04F79EFBC}") = "programa valores", "programa valores\programa valores.csproj", "{875580E7-744E-4E88-AADC-1EADCA497815}"
EndProject
Global
	GlobalSection(SolutionConfigurationPlatforms) = preSolution
		Debug|Any CPU = Debug|Any CPU
		Release|Any CPU = Release|Any CPU
	EndGlobalSection
	GlobalSection(ProjectConfigurationPlatforms) = postSolution
		{875580E7-744E-4E88-AADC-1EADCA497815}.Debug|Any CPU.ActiveCfg = Debug|Any CPU
		{875580E7-744E-4E88-AADC-1EADCA497815}.Debug|Any CPU.Build.0 = Debug|Any CPU
		{875580E7-744E-4E88-AADC-1EADCA497815}.Release|Any CPU.ActiveCfg = Release|Any CPU
		{875580E7-744E-4E88-AADC-1EADCA497815}.Release|Any CPU.Build.0 = Release|Any CPU
	EndGlobalSection
	GlobalSection(SolutionProperties) = preSolution
		HideSolutionNode = FALSE
	EndGlobalSection
	GlobalSection(ExtensibilityGlobals) = postSolution
		SolutionGuid = {78D0049B-4FDD-41A2-90AE-735694679D78}
	EndGlobalSection
EndGlobal
